
Microsoft Visual Studio Solution File, Format Version 12.00
# Visual Studio Version 17
VisualStudioVersion = 17.0.31903.59
MinimumVisualStudioVersion = 10.0.40219.1
Project("{FAE04EC0-301F-11D3-BF4B-00C04F79EFBC}") = "Botaniqa.Api", "Botaniqa.Api\Botaniqa.Api.csproj", "{0B44D327-43BD-433B-8C79-0DBA2A63D6DF}"
EndProject
Project("{FAE04EC0-301F-11D3-BF4B-00C04F79EFBC}") = "Botaniqa.BusinessLogic", "Botaniqa.BusinessLogic\Botaniqa.BusinessLogic.csproj", "{95CBC1A2-B771-4B87-9862-7E282CA17448}"
EndProject
Project("{FAE04EC0-301F-11D3-BF4B-00C04F79EFBC}") = "Botaniqa.Domain", "Botaniqa.Domain\Botaniqa.Domain.csproj", "{B3E791E6-4024-4320-8D75-F0CAE1F238B6}"
EndProject
Global
	GlobalSection(SolutionConfigurationPlatforms) = preSolution
		Debug|Any CPU = Debug|Any CPU
		Debug|x64 = Debug|x64
		Debug|x86 = Debug|x86
		Release|Any CPU = Release|Any CPU
		Release|x64 = Release|x64
		Release|x86 = Release|x86
	EndGlobalSection
	GlobalSection(ProjectConfigurationPlatforms) = postSolution
		{0B44D327-43BD-433B-8C79-0DBA2A63D6DF}.Debug|Any CPU.ActiveCfg = Debug|Any CPU
		{0B44D327-43BD-433B-8C79-0DBA2A63D6DF}.Debug|Any CPU.Build.0 = Debug|Any CPU
		{0B44D327-43BD-433B-8C79-0DBA2A63D6DF}.Debug|x64.ActiveCfg = Debug|Any CPU
		{0B44D327-43BD-433B-8C79-0DBA2A63D6DF}.Debug|x64.Build.0 = Debug|Any CPU
		{0B44D327-43BD-433B-8C79-0DBA2A63D6DF}.Debug|x86.ActiveCfg = Debug|Any CPU
		{0B44D327-43BD-433B-8C79-0DBA2A63D6DF}.Debug|x86.Build.0 = Debug|Any CPU
		{0B44D327-43BD-433B-8C79-0DBA2A63D6DF}.Release|Any CPU.ActiveCfg = Release|Any CPU
		{0B44D327-43BD-433B-8C79-0DBA2A63D6DF}.Release|Any CPU.Build.0 = Release|Any CPU
		{0B44D327-43BD-433B-8C79-0DBA2A63D6DF}.Release|x64.ActiveCfg = Release|Any CPU
		{0B44D327-43BD-433B-8C79-0DBA2A63D6DF}.Release|x64.Build.0 = Release|Any CPU
		{0B44D327-43BD-433B-8C79-0DBA2A63D6DF}.Release|x86.ActiveCfg = Release|Any CPU
		{0B44D327-43BD-433B-8C79-0DBA2A63D6DF}.Release|x86.Build.0 = Release|Any CPU
		{95CBC1A2-B771-4B87-9862-7E282CA17448}.Debug|Any CPU.ActiveCfg = Debug|Any CPU
		{95CBC1A2-B771-4B87-9862-7E282CA17448}.Debug|Any CPU.Build.0 = Debug|Any CPU
		{95CBC1A2-B771-4B87-9862-7E282CA17448}.Debug|x64.ActiveCfg = Debug|Any CPU
		{95CBC1A2-B771-4B87-9862-7E282CA17448}.Debug|x64.Build.0 = Debug|Any CPU
		{95CBC1A2-B771-4B87-9862-7E282CA17448}.Debug|x86.ActiveCfg = Debug|Any CPU
		{95CBC1A2-B771-4B87-9862-7E282CA17448}.Debug|x86.Build.0 = Debug|Any CPU
		{95CBC1A2-B771-4B87-9862-7E282CA17448}.Release|Any CPU.ActiveCfg = Release|Any CPU
		{95CBC1A2-B771-4B87-9862-7E282CA17448}.Release|Any CPU.Build.0 = Release|Any CPU
		{95CBC1A2-B771-4B87-9862-7E282CA17448}.Release|x64.ActiveCfg = Release|Any CPU
		{95CBC1A2-B771-4B87-9862-7E282CA17448}.Release|x64.Build.0 = Release|Any CPU
		{95CBC1A2-B771-4B87-9862-7E282CA17448}.Release|x86.ActiveCfg = Release|Any CPU
		{95CBC1A2-B771-4B87-9862-7E282CA17448}.Release|x86.Build.0 = Release|Any CPU
		{B3E791E6-4024-4320-8D75-F0CAE1F238B6}.Debug|Any CPU.ActiveCfg = Debug|Any CPU
		{B3E791E6-4024-4320-8D75-F0CAE1F238B6}.Debug|Any CPU.Build.0 = Debug|Any CPU
		{B3E791E6-4024-4320-8D75-F0CAE1F238B6}.Debug|x64.ActiveCfg = Debug|Any CPU
		{B3E791E6-4024-4320-8D75-F0CAE1F238B6}.Debug|x64.Build.0 = Debug|Any CPU
		{B3E791E6-4024-4320-8D75-F0CAE1F238B6}.Debug|x86.ActiveCfg = Debug|Any CPU
		{B3E791E6-4024-4320-8D75-F0CAE1F238B6}.Debug|x86.Build.0 = Debug|Any CPU
		{B3E791E6-4024-4320-8D75-F0CAE1F238B6}.Release|Any CPU.ActiveCfg = Release|Any CPU
		{B3E791E6-4024-4320-8D75-F0CAE1F238B6}.Release|Any CPU.Build.0 = Release|Any CPU
		{B3E791E6-4024-4320-8D75-F0CAE1F238B6}.Release|x64.ActiveCfg = Release|Any CPU
		{B3E791E6-4024-4320-8D75-F0CAE1F238B6}.Release|x64.Build.0 = Release|Any CPU
		{B3E791E6-4024-4320-8D75-F0CAE1F238B6}.Release|x86.ActiveCfg = Release|Any CPU
		{B3E791E6-4024-4320-8D75-F0CAE1F238B6}.Release|x86.Build.0 = Release|Any CPU
	EndGlobalSection
	GlobalSection(SolutionProperties) = preSolution
		HideSolutionNode = FALSE
	EndGlobalSection
EndGlobal
